{
  "name": "zuku-engine-next2d",
  "version": "0.1.1",
  "lockfileVersion": 3,
  "requires": true,
  "packages": {
    "": {
      "name": "zuku-engine-next2d",
      "version": "0.1.1",
      "dependencies": {
        "ajv": "8.20.0",
        "fflate": "0.8.3"
      },
      "optionalDependencies": {
        "@awayfl/avm1": "0.2.181",
        "@awayfl/avm2": "0.2.236",
        "@awayfl/swf-loader": "0.4.133"
      }
    },
    "node_modules/@awayfl/avm1": {
      "version": "0.2.181",
      "resolved": "https://registry.npmjs.org/@awayfl/avm1/-/avm1-0.2.181.tgz",
      "integrity": "sha512-VtNWcf4AXIOFQ+l3ZMiYwKkV07q4jIN+G2QfjRJJxJCXKH/PtiR42bZBkpKfqYJeufYsAwhvtCq3a7CwqWVcyw==",
      "license": "Apache-2.0",
      "optional": true,
      "dependencies": {
        "@types/random-seed": "^0.3.3",
        "big.js": "^5.1.2",
        "random-seed": "^0.3.0"
      },
      "peerDependencies": {
        "@awayfl/swf-loader": "^0.4.0",
        "@awayjs/core": "^0.9.0",
        "@awayjs/graphics": "^0.5.0",
        "@awayjs/materials": "^0.6.0",
        "@awayjs/renderer": "^0.11.0",
        "@awayjs/scene": "^0.13.0",
        "@awayjs/stage": "^0.11.0",
        "@awayjs/view": "^0.6.0",
        "tslib": "^2.3.0"
      }
    },
    "node_modules/@awayfl/avm2": {
      "version": "0.2.236",
      "resolved": "https://registry.npmjs.org/@awayfl/avm2/-/avm2-0.2.236.tgz",
      "integrity": "sha512-WwyxVkFzMwCSSCiu7G3hfMO3VWuXUDsvv45VKPGI2pxar1wWQoolttS/AeGmZhNVU5ypietrC2WNUp15ElxRSw==",
      "license": "Apache-2.0",
      "optional": true,
      "dependencies": {
        "xregexp": "^4.4.0"
      },
      "peerDependencies": {
        "@awayfl/swf-loader": "^0.4.0",
        "@awayjs/core": "^0.9.0",
        "@awayjs/graphics": "^0.5.0",
        "@awayjs/scene": "^0.13.0",
        "@awayjs/stage": "^0.11.0",
        "tslib": "^2.3.0"
      }
    },
    "node_modules/@awayfl/swf-loader": {
      "version": "0.4.133",
      "resolved": "https://registry.npmjs.org/@awayfl/swf-loader/-/swf-loader-0.4.133.tgz",
      "integrity": "sha512-C0qk9aMFLlEDnVm1uB0dVXo4kEjrLAqZKynRt+nZsa0JKQfzmBCw1o1TWzpUvhz0IOa6vycQLxtFrHquMeQYHA==",
      "license": "Apache-2.0",
      "optional": true,
      "peerDependencies": {
        "@awayjs/core": "^0.9.0",
        "@awayjs/graphics": "^0.5.0",
        "@awayjs/materials": "^0.6.0",
        "@awayjs/renderer": "^0.11.0",
        "@awayjs/scene": "^0.13.0",
        "@awayjs/stage": "^0.11.0",
        "tslib": "^2.3.0"
      }
    },
    "node_modules/@awayjs/core": {
      "version": "0.9.61",
      "resolved": "https://registry.npmjs.org/@awayjs/core/-/core-0.9.61.tgz",
      "integrity": "sha512-jECcXFly4bmJlvSUXJHolGGtNX7x/DxtxbamzXP1BElUvk1FRxV5vNAZtSrloe8FtFoesSIy9Usf+GBSOGQIEg==",
      "license": "Apache-2.0",
      "optional": true,
      "peer": true,
      "peerDependencies": {
        "tslib": "^2.3.0"
      }
    },
    "node_modules/@awayjs/graphics": {
      "version": "0.5.101",
      "resolved": "https://registry.npmjs.org/@awayjs/graphics/-/graphics-0.5.101.tgz",
      "integrity": "sha512-nTarSl+ScM80lJH5lxh9qvaNFhx1XFMbrqXSZ3fH32ozQS43dZXW3fx1IvZmWvuBkEnvHRQCIyAArAeq3s9KJg==",
      "license": "Apache-2.0",
      "optional": true,
      "peer": true,
      "dependencies": {
        "tess2-ts": "^1.0.8",
        "tess2-wasm": "^1.0.9"
      },
      "peerDependencies": {
        "@awayjs/core": "^0.9.0",
        "@awayjs/renderer": "^0.11.0",
        "@awayjs/stage": "^0.11.0",
        "@awayjs/view": "^0.6.0",
        "tslib": "^2.3.0"
      }
    },
    "node_modules/@awayjs/materials": {
      "version": "0.6.24",
      "resolved": "https://registry.npmjs.org/@awayjs/materials/-/materials-0.6.24.tgz",
      "integrity": "sha512-fnvKErmq/oN+wvUHNf0uvWJZTfxXPMJ5peFGQ7cBMErC2/TbXQCY2EG4ruOYCzvFbHtyLx7s3TYQisqAmIqLWg==",
      "license": "Apache-2.0",
      "optional": true,
      "peer": true,
      "peerDependencies": {
        "@awayjs/core": "^0.9.0",
        "@awayjs/renderer": "^0.11.0",
        "@awayjs/stage": "^0.11.0",
        "@awayjs/view": "^0.6.0",
        "tslib": "^2.3.0"
      }
    },
    "node_modules/@awayjs/renderer": {
      "version": "0.11.99",
      "resolved": "https://registry.npmjs.org/@awayjs/renderer/-/renderer-0.11.99.tgz",
      "integrity": "sha512-AKW2ynaq5Ro8afegKV+n+tMBQ1m21iIHJ+usqC0IfH++jr+f4ve6/SgwLNIZ0k0pGEKAxisTKjHGeKMgIxOAQw==",
      "license": "Apache-2.0",
      "optional": true,
      "peer": true,
      "peerDependencies": {
        "@awayjs/core": "^0.9.0",
        "@awayjs/stage": "^0.11.0",
        "@awayjs/view": "^0.6.0",
        "tslib": "^2.3.0"
      }
    },
    "node_modules/@awayjs/scene": {
      "version": "0.13.324",
      "resolved": "https://registry.npmjs.org/@awayjs/scene/-/scene-0.13.324.tgz",
      "integrity": "sha512-bf+x3BbMKZ3DsqgBkqlfBRr+xSmN6nJGiLCSOFE7JYDxg3FuIJH9SVdo5mbWrkL7XkcGF99Dka39hXy9Shc1KA==",
      "license": "Apache-2.0",
      "optional": true,
      "peer": true,
      "dependencies": {
        "node-html-parser": "^1.4.5"
      },
      "peerDependencies": {
        "@awayjs/core": "^0.9.0",
        "@awayjs/graphics": "^0.5.0",
        "@awayjs/materials": "^0.6.0",
        "@awayjs/renderer": "^0.11.0",
        "@awayjs/stage": "^0.11.0",
        "@awayjs/view": "^0.6.0",
        "tslib": "^2.3.0"
      }
    },
    "node_modules/@awayjs/stage": {
      "version": "0.11.172",
      "resolved": "https://registry.npmjs.org/@awayjs/stage/-/stage-0.11.172.tgz",
      "integrity": "sha512-DpmhOBE4ZCOPMt39MPrag9aidLXnRkBkHZH4/0l6ms0Ua4iHvyLgR5kfIzMRAJuZnwcqFVZarLZG+g+S/X5FlA==",
      "license": "Apache-2.0",
      "optional": true,
      "peer": true,
      "peerDependencies": {
        "@awayjs/core": "^0.9.0",
        "tslib": "^2.3.0"
      }
    },
    "node_modules/@awayjs/view": {
      "version": "0.6.90",
      "resolved": "https://registry.npmjs.org/@awayjs/view/-/view-0.6.90.tgz",
      "integrity": "sha512-gBQl6r14Lm7MslF4UCnGKuFeWWuVid40kE/YmN2W3Be1zPsYPPs/fytdsZHpSO0AntktzHtJm1BlA3T+/8KWYg==",
      "license": "Apache-2.0",
      "optional": true,
      "peer": true,
      "peerDependencies": {
        "@awayjs/core": "^0.9.0",
        "@awayjs/stage": "^0.11.0",
        "tslib": "^2.3.0"
      }
    },
    "node_modules/@babel/runtime-corejs3": {
      "version": "7.29.7",
      "resolved": "https://registry.npmjs.org/@babel/runtime-corejs3/-/runtime-corejs3-7.29.7.tgz",
      "integrity": "sha512-ppj9ouYku+RX0ljtgZd+KMO5mkM2bCqg8H2PYAFWnLsHEIKIdRojqbJ2i3eVHrisuxy7nOFCmngTDdWtUCdXUQ==",
      "license": "MIT",
      "optional": true,
      "dependencies": {
        "core-js-pure": "^3.48.0"
      },
      "engines": {
        "node": ">=6.9.0"
      }
    },
    "node_modules/@types/random-seed": {
      "version": "0.3.5",
      "resolved": "https://registry.npmjs.org/@types/random-seed/-/random-seed-0.3.5.tgz",
      "integrity": "sha512-CftxcDPAHgs0SLHU2dt+ZlDPJfGqLW3sZlC/ATr5vJDSe5tRLeOne7HMvCOJnFyF8e1U41wqzs3h6AMC613xtA==",
      "license": "MIT",
      "optional": true
    },
    "node_modules/ajv": {
      "version": "8.20.0",
      "resolved": "https://registry.npmjs.org/ajv/-/ajv-8.20.0.tgz",
      "integrity": "sha512-Thbli+OlOj+iMPYFBVBfJ3OmCAnaSyNn4M1vz9T6Gka5Jt9ba/HIR56joy65tY6kx/FCF5VXNB819Y7/GUrBGA==",
      "license": "MIT",
      "dependencies": {
        "fast-deep-equal": "^3.1.3",
        "fast-uri": "^3.0.1",
        "json-schema-traverse": "^1.0.0",
        "require-from-string": "^2.0.2"
      },
      "funding": {
        "type": "github",
        "url": "https://github.com/sponsors/epoberezkin"
      }
    },
    "node_modules/big.js": {
      "version": "5.2.2",
      "resolved": "https://registry.npmjs.org/big.js/-/big.js-5.2.2.tgz",
      "integrity": "sha512-vyL2OymJxmarO8gxMr0mhChsO9QGwhynfuu4+MHTAW6czfq9humCB7rKpUjDd9YUiDPU4mzpyupFSvOClAwbmQ==",
      "license": "MIT",
      "optional": true,
      "engines": {
        "node": "*"
      }
    },
    "node_modules/core-js-pure": {
      "version": "3.50.0",
      "resolved": "https://registry.npmjs.org/core-js-pure/-/core-js-pure-3.50.0.tgz",
      "integrity": "sha512-6GP3Pxz4IKyWjAfa747vIu/jilB5z29JWROLqH/b+pXVcpgh6tM06ZIBwSuglgVqzDYURhOK6oEzTrG0bCHitA==",
      "hasInstallScript": true,
      "license": "MIT",
      "optional": true,
      "engines": {
        "node": "*"
      },
      "funding": {
        "type": "opencollective",
        "url": "https://opencollective.com/core-js"
      }
    },
    "node_modules/fast-deep-equal": {
      "version": "3.1.3",
      "resolved": "https://registry.npmjs.org/fast-deep-equal/-/fast-deep-equal-3.1.3.tgz",
      "integrity": "sha512-f3qQ9oQy9j2AhBe/H9VC91wLmKBCCU/gDOnKNAYG5hswO7BLKj09Hc5HYNz9cGI++xlpDCIgDaitVs03ATR84Q==",
      "license": "MIT"
    },
    "node_modules/fast-uri": {
      "version": "3.1.8",
      "resolved": "https://registry.npmjs.org/fast-uri/-/fast-uri-3.1.8.tgz",
      "integrity": "sha512-GZMtZUTNRpOVIECoXwLNZS5xUGE+mVNbTB8h/7Rwh2TFWcBQiPzTgyZi05BF9UMZKkLJv8XBRJTlU7zg8+ZfMg==",
      "funding": [
        {
          "type": "github",
          "url": "https://github.com/sponsors/fastify"
        },
        {
          "type": "opencollective",
          "url": "https://opencollective.com/fastify"
        }
      ],
      "license": "BSD-3-Clause"
    },
    "node_modules/fflate": {
      "version": "0.8.3",
      "resolved": "https://registry.npmjs.org/fflate/-/fflate-0.8.3.tgz",
      "integrity": "sha512-tbZNuJrLwGUp3zshBtdy4W+ORxZuIh8a5ilyIEQDC5rY1f3U20JMry0Ll3WBzU58EZKsEuJFXhb5gwv8CsPvgA==",
      "license": "MIT"
    },
    "node_modules/he": {
      "version": "1.2.0",
      "resolved": "https://registry.npmjs.org/he/-/he-1.2.0.tgz",
      "integrity": "sha512-F/1DnUGPopORZi0ni+CvrCgHQ5FyEAHRLSApuYWMmrbSwoN2Mn/7k+Gl38gJnR7yyDZk6WLXwiGod1JOWNDKGw==",
      "license": "MIT",
      "optional": true,
      "peer": true,
      "bin": {
        "he": "bin/he"
      }
    },
    "node_modules/json-schema-traverse": {
      "version": "1.0.0",
      "resolved": "https://registry.npmjs.org/json-schema-traverse/-/json-schema-traverse-1.0.0.tgz",
      "integrity": "sha512-NM8/P9n3XjXhIZn1lLhkFaACTOURQXjWhV4BA/RnOv8xvgqtqpAX9IO4mRQxSx1Rlo4tqzeqb0sOlruaOy3dug==",
      "license": "MIT"
    },
    "node_modules/json-stringify-safe": {
      "version": "5.0.1",
      "resolved": "https://registry.npmjs.org/json-stringify-safe/-/json-stringify-safe-5.0.1.tgz",
      "integrity": "sha512-ZClg6AaYvamvYEE82d3Iyd3vSSIjQ+odgjaTzRuO3s7toCdFKczob2i0zCh7JE8kWn17yvAWhUVxvqGwUalsRA==",
      "license": "ISC",
      "optional": true
    },
    "node_modules/node-html-parser": {
      "version": "1.4.9",
      "resolved": "https://registry.npmjs.org/node-html-parser/-/node-html-parser-1.4.9.tgz",
      "integrity": "sha512-UVcirFD1Bn0O+TSmloHeHqZZCxHjvtIeGdVdGMhyZ8/PWlEiZaZ5iJzR189yKZr8p0FXN58BUeC7RHRkf/KYGw==",
      "license": "MIT",
      "optional": true,
      "peer": true,
      "dependencies": {
        "he": "1.2.0"
      }
    },
    "node_modules/random-seed": {
      "version": "0.3.0",
      "resolved": "https://registry.npmjs.org/random-seed/-/random-seed-0.3.0.tgz",
      "integrity": "sha512-y13xtn3kcTlLub3HKWXxJNeC2qK4mB59evwZ5EkeRlolx+Bp2ztF7LbcZmyCnOqlHQrLnfuNbi1sVmm9lPDlDA==",
      "license": "MIT",
      "optional": true,
      "dependencies": {
        "json-stringify-safe": "^5.0.1"
      },
      "engines": {
        "node": ">= 0.6.0"
      }
    },
    "node_modules/require-from-string": {
      "version": "2.0.2",
      "resolved": "https://registry.npmjs.org/require-from-string/-/require-from-string-2.0.2.tgz",
      "integrity": "sha512-Xf0nWe6RseziFMu+Ap9biiUbmplq6S9/p+7w7YXP/JBHhrUDDUhwa+vANyubuqfZWTveU//DYVGsDG7RKL/vEw==",
      "license": "MIT",
      "engines": {
        "node": ">=0.10.0"
      }
    },
    "node_modules/tess2-ts": {
      "version": "1.0.8",
      "resolved": "https://registry.npmjs.org/tess2-ts/-/tess2-ts-1.0.8.tgz",
      "integrity": "sha512-nmqh9T8kqWzb31PhPKenBC/oUif4M2Moo8LHG1wz0Mu5v3xDGWPBcvqunWLE9sBiJjL93x60AM2QWWtd/IZl9w==",
      "license": "SGI-B-2.0",
      "optional": true,
      "peer": true
    },
    "node_modules/tess2-wasm": {
      "version": "1.0.9",
      "resolved": "https://registry.npmjs.org/tess2-wasm/-/tess2-wasm-1.0.9.tgz",
      "integrity": "sha512-oBCeEAqGvTZBxVRSTW0hOr7Yw+l8a9Mz4qp/zf4uaK5XPTSFeXdAY2SLyGsvELibyRtjGHXy1FKfTmBknKPHXg==",
      "license": "SEE LICENSE IN LICENSE.txt",
      "optional": true,
      "peer": true
    },
    "node_modules/tslib": {
      "version": "2.8.1",
      "resolved": "https://registry.npmjs.org/tslib/-/tslib-2.8.1.tgz",
      "integrity": "sha512-oJFu94HQb+KVduSUQL7wnpmqnfmLsOA/nAh6b6EH0wCEoK0/mPeXU6c3wKDV83MkOuHPRHtSXKKU99IBazS/2w==",
      "license": "0BSD",
      "optional": true,
      "peer": true
    },
    "node_modules/xregexp": {
      "version": "4.4.1",
      "resolved": "https://registry.npmjs.org/xregexp/-/xregexp-4.4.1.tgz",
      "integrity": "sha512-2u9HwfadaJaY9zHtRRnH6BY6CQVNQKkYm3oLtC9gJXXzfsbACg5X5e4EZZGVAH+YIfa+QA9lsFQTTe3HURF3ag==",
      "license": "MIT",
      "optional": true,
      "dependencies": {
        "@babel/runtime-corejs3": "^7.12.1"
      }
    }
  }
}
